
Microsoft Visual Studio Solution File, Format Version 11.00
# Visual Studio 2010
Project("{FAE04EC0-301F-11D3-BF4B-00C04F79EFBC}") = "IUDICO.CourseMgt", "IUDICO.CourseMgt\IUDICO.CourseMgt.csproj", "{CB470DA7-0981-45B5-BEB9-6FD06586BA7E}"
EndProject
Project("{FAE04EC0-301F-11D3-BF4B-00C04F79EFBC}") = "IUDICO.LMS", "IUDICO.LMS\IUDICO.LMS.csproj", "{A5DA80CE-796F-4C4D-BBCA-A23046C4574D}"
EndProject
Project("{FAE04EC0-301F-11D3-BF4B-00C04F79EFBC}") = "IUDICO.UM", "IUDICO.UM\IUDICO.UM.csproj", "{2D0C4A4E-D442-4BC5-879B-CB3990D57647}"
EndProject
Project("{FAE04EC0-301F-11D3-BF4B-00C04F79EFBC}") = "IUDICO.Common", "IUDICO.Common\IUDICO.Common.csproj", "{9DD6C943-6608-4351-A521-E4B1F2F75E9D}"
EndProject
Project("{FAE04EC0-301F-11D3-BF4B-00C04F79EFBC}") = "IUDICO.CurriculumManagement", "IUDICO.CurrMgt\IUDICO.CurriculumManagement.csproj", "{E6F7266F-760A-4D43-B78C-378CA12DBE08}"
EndProject
Project("{FAE04EC0-301F-11D3-BF4B-00C04F79EFBC}") = "IUDICO.Search", "IUDICO.Search\IUDICO.Search.csproj", "{2A5F6D52-4A98-44DC-896D-8FF2FD244E9F}"
EndProject
Project("{FAE04EC0-301F-11D3-BF4B-00C04F79EFBC}") = "IUDICO.TS", "IUDICO.TS\IUDICO.TS.csproj", "{4F72321F-297C-4989-9A17-838CF23B4FB1}"
EndProject
Global
	GlobalSection(SolutionConfigurationPlatforms) = preSolution
		Debug|Any CPU = Debug|Any CPU
		Debug|Mixed Platforms = Debug|Mixed Platforms
		Release|Any CPU = Release|Any CPU
		Release|Mixed Platforms = Release|Mixed Platforms
	EndGlobalSection
	GlobalSection(ProjectConfigurationPlatforms) = postSolution
		{CB470DA7-0981-45B5-BEB9-6FD06586BA7E}.Debug|Any CPU.ActiveCfg = Debug|Any CPU
		{CB470DA7-0981-45B5-BEB9-6FD06586BA7E}.Debug|Any CPU.Build.0 = Debug|Any CPU
		{CB470DA7-0981-45B5-BEB9-6FD06586BA7E}.Debug|Mixed Platforms.ActiveCfg = Debug|Any CPU
		{CB470DA7-0981-45B5-BEB9-6FD06586BA7E}.Release|Any CPU.ActiveCfg = Release|Any CPU
		{CB470DA7-0981-45B5-BEB9-6FD06586BA7E}.Release|Any CPU.Build.0 = Release|Any CPU
		{CB470DA7-0981-45B5-BEB9-6FD06586BA7E}.Release|Mixed Platforms.ActiveCfg = Release|Any CPU
		{CB470DA7-0981-45B5-BEB9-6FD06586BA7E}.Release|Mixed Platforms.Build.0 = Release|Any CPU
		{A5DA80CE-796F-4C4D-BBCA-A23046C4574D}.Debug|Any CPU.ActiveCfg = Debug|Any CPU
		{A5DA80CE-796F-4C4D-BBCA-A23046C4574D}.Debug|Any CPU.Build.0 = Debug|Any CPU
		{A5DA80CE-796F-4C4D-BBCA-A23046C4574D}.Debug|Mixed Platforms.ActiveCfg = Debug|Any CPU
		{A5DA80CE-796F-4C4D-BBCA-A23046C4574D}.Debug|Mixed Platforms.Build.0 = Debug|Any CPU
		{A5DA80CE-796F-4C4D-BBCA-A23046C4574D}.Release|Any CPU.ActiveCfg = Release|Any CPU
		{A5DA80CE-796F-4C4D-BBCA-A23046C4574D}.Release|Any CPU.Build.0 = Release|Any CPU
		{A5DA80CE-796F-4C4D-BBCA-A23046C4574D}.Release|Mixed Platforms.ActiveCfg = Release|Any CPU
		{A5DA80CE-796F-4C4D-BBCA-A23046C4574D}.Release|Mixed Platforms.Build.0 = Release|Any CPU
		{2D0C4A4E-D442-4BC5-879B-CB3990D57647}.Debug|Any CPU.ActiveCfg = Debug|Any CPU
		{2D0C4A4E-D442-4BC5-879B-CB3990D57647}.Debug|Any CPU.Build.0 = Debug|Any CPU
		{2D0C4A4E-D442-4BC5-879B-CB3990D57647}.Debug|Mixed Platforms.ActiveCfg = Debug|Any CPU
		{2D0C4A4E-D442-4BC5-879B-CB3990D57647}.Release|Any CPU.ActiveCfg = Release|Any CPU
		{2D0C4A4E-D442-4BC5-879B-CB3990D57647}.Release|Any CPU.Build.0 = Release|Any CPU
		{2D0C4A4E-D442-4BC5-879B-CB3990D57647}.Release|Mixed Platforms.ActiveCfg = Release|Any CPU
		{2D0C4A4E-D442-4BC5-879B-CB3990D57647}.Release|Mixed Platforms.Build.0 = Release|Any CPU
		{9DD6C943-6608-4351-A521-E4B1F2F75E9D}.Debug|Any CPU.ActiveCfg = Debug|Any CPU
		{9DD6C943-6608-4351-A521-E4B1F2F75E9D}.Debug|Any CPU.Build.0 = Debug|Any CPU
		{9DD6C943-6608-4351-A521-E4B1F2F75E9D}.Debug|Mixed Platforms.ActiveCfg = Debug|Any CPU
		{9DD6C943-6608-4351-A521-E4B1F2F75E9D}.Debug|Mixed Platforms.Build.0 = Debug|Any CPU
		{9DD6C943-6608-4351-A521-E4B1F2F75E9D}.Release|Any CPU.ActiveCfg = Release|Any CPU
		{9DD6C943-6608-4351-A521-E4B1F2F75E9D}.Release|Any CPU.Build.0 = Release|Any CPU
		{9DD6C943-6608-4351-A521-E4B1F2F75E9D}.Release|Mixed Platforms.ActiveCfg = Release|Any CPU
		{9DD6C943-6608-4351-A521-E4B1F2F75E9D}.Release|Mixed Platforms.Build.0 = Release|Any CPU
		{E6F7266F-760A-4D43-B78C-378CA12DBE08}.Debug|Any CPU.ActiveCfg = Debug|Any CPU
		{E6F7266F-760A-4D43-B78C-378CA12DBE08}.Debug|Any CPU.Build.0 = Debug|Any CPU
		{E6F7266F-760A-4D43-B78C-378CA12DBE08}.Debug|Mixed Platforms.ActiveCfg = Debug|Any CPU
		{E6F7266F-760A-4D43-B78C-378CA12DBE08}.Debug|Mixed Platforms.Build.0 = Debug|Any CPU
		{E6F7266F-760A-4D43-B78C-378CA12DBE08}.Release|Any CPU.ActiveCfg = Release|Any CPU
		{E6F7266F-760A-4D43-B78C-378CA12DBE08}.Release|Any CPU.Build.0 = Release|Any CPU
		{E6F7266F-760A-4D43-B78C-378CA12DBE08}.Release|Mixed Platforms.ActiveCfg = Release|Any CPU
		{E6F7266F-760A-4D43-B78C-378CA12DBE08}.Release|Mixed Platforms.Build.0 = Release|Any CPU
		{2A5F6D52-4A98-44DC-896D-8FF2FD244E9F}.Debug|Any CPU.ActiveCfg = Debug|Any CPU
		{2A5F6D52-4A98-44DC-896D-8FF2FD244E9F}.Debug|Any CPU.Build.0 = Debug|Any CPU
		{2A5F6D52-4A98-44DC-896D-8FF2FD244E9F}.Debug|Mixed Platforms.ActiveCfg = Debug|Any CPU
		{2A5F6D52-4A98-44DC-896D-8FF2FD244E9F}.Release|Any CPU.ActiveCfg = Release|Any CPU
		{2A5F6D52-4A98-44DC-896D-8FF2FD244E9F}.Release|Any CPU.Build.0 = Release|Any CPU
		{2A5F6D52-4A98-44DC-896D-8FF2FD244E9F}.Release|Mixed Platforms.ActiveCfg = Release|Any CPU
		{2A5F6D52-4A98-44DC-896D-8FF2FD244E9F}.Release|Mixed Platforms.Build.0 = Release|Any CPU
		{4F72321F-297C-4989-9A17-838CF23B4FB1}.Debug|Any CPU.ActiveCfg = Debug|Any CPU
		{4F72321F-297C-4989-9A17-838CF23B4FB1}.Debug|Any CPU.Build.0 = Debug|Any CPU
		{4F72321F-297C-4989-9A17-838CF23B4FB1}.Debug|Mixed Platforms.ActiveCfg = Debug|Any CPU
		{4F72321F-297C-4989-9A17-838CF23B4FB1}.Release|Any CPU.ActiveCfg = Release|Any CPU
		{4F72321F-297C-4989-9A17-838CF23B4FB1}.Release|Any CPU.Build.0 = Release|Any CPU
		{4F72321F-297C-4989-9A17-838CF23B4FB1}.Release|Mixed Platforms.ActiveCfg = Release|Any CPU
		{4F72321F-297C-4989-9A17-838CF23B4FB1}.Release|Mixed Platforms.Build.0 = Release|Any CPU
	EndGlobalSection
	GlobalSection(SolutionProperties) = preSolution
		HideSolutionNode = FALSE
	EndGlobalSection
EndGlobal
