
Microsoft Visual Studio Solution File, Format Version 10.00
# Visual Studio 2008
Project("{FAE04EC0-301F-11D3-BF4B-00C04F79EFBC}") = "Site", "Site\Site.csproj", "{3FF25E1E-F99F-4399-8507-93C2A285BFB1}"
EndProject
Project("{FAE04EC0-301F-11D3-BF4B-00C04F79EFBC}") = "Model", "Model\Model.csproj", "{5DA61E69-73DF-4E6C-A215-36F4166C54DD}"
EndProject
Global
	GlobalSection(SolutionConfigurationPlatforms) = preSolution
		Debug|Any CPU = Debug|Any CPU
		Release|Any CPU = Release|Any CPU
	EndGlobalSection
	GlobalSection(ProjectConfigurationPlatforms) = postSolution
		{3FF25E1E-F99F-4399-8507-93C2A285BFB1}.Debug|Any CPU.ActiveCfg = Debug|Any CPU
		{3FF25E1E-F99F-4399-8507-93C2A285BFB1}.Debug|Any CPU.Build.0 = Debug|Any CPU
		{3FF25E1E-F99F-4399-8507-93C2A285BFB1}.Release|Any CPU.ActiveCfg = Release|Any CPU
		{3FF25E1E-F99F-4399-8507-93C2A285BFB1}.Release|Any CPU.Build.0 = Release|Any CPU
		{5DA61E69-73DF-4E6C-A215-36F4166C54DD}.Debug|Any CPU.ActiveCfg = Debug|Any CPU
		{5DA61E69-73DF-4E6C-A215-36F4166C54DD}.Debug|Any CPU.Build.0 = Debug|Any CPU
		{5DA61E69-73DF-4E6C-A215-36F4166C54DD}.Release|Any CPU.ActiveCfg = Release|Any CPU
		{5DA61E69-73DF-4E6C-A215-36F4166C54DD}.Release|Any CPU.Build.0 = Release|Any CPU
	EndGlobalSection
	GlobalSection(SolutionProperties) = preSolution
		HideSolutionNode = FALSE
	EndGlobalSection
EndGlobal
