
Microsoft Visual Studio Solution File, Format Version 10.00
# Visual Studio 2008
Project("{E24C65DC-7377-472B-9ABA-BC803B73C61A}") = "Site", "Site\", "{A1E0299F-BEB1-4DBB-8689-11964AD80D41}"
	ProjectSection(WebsiteProperties) = preProject
		TargetFramework = "3.5"
		ProjectReferences = "{F7A3C8E8-7545-4D92-8FF5-0927B4D845EF}|IUDICO.DataModel.dll;{498A9F11-9290-46D8-AFAF-32CC14C7FDDE}|TestingSystem.dll;"
		Debug.AspNetCompiler.VirtualPath = "/Site"
		Debug.AspNetCompiler.PhysicalPath = "Site\"
		Debug.AspNetCompiler.TargetPath = "PrecompiledWeb\Site\"
		Debug.AspNetCompiler.Updateable = "false"
		Debug.AspNetCompiler.ForceOverwrite = "true"
		Debug.AspNetCompiler.FixedNames = "false"
		Debug.AspNetCompiler.Debug = "True"
		Release.AspNetCompiler.VirtualPath = "/Site"
		Release.AspNetCompiler.PhysicalPath = "Site\"
		Release.AspNetCompiler.TargetPath = "PrecompiledWeb\Site\"
		Release.AspNetCompiler.Updateable = "true"
		Release.AspNetCompiler.ForceOverwrite = "true"
		Release.AspNetCompiler.FixedNames = "false"
		Release.AspNetCompiler.Debug = "False"
		VWDPort = "2935"
	EndProjectSection
EndProject
Project("{FAE04EC0-301F-11D3-BF4B-00C04F79EFBC}") = "DataModel", "DataModel\DataModel.csproj", "{F7A3C8E8-7545-4D92-8FF5-0927B4D845EF}"
EndProject
Project("{FAE04EC0-301F-11D3-BF4B-00C04F79EFBC}") = "IUDICO.UnitTests", "UnitTests\IUDICO.UnitTests.csproj", "{E99F9341-7DD8-457F-818A-EF56561B5596}"
EndProject
Project("{FAE04EC0-301F-11D3-BF4B-00C04F79EFBC}") = "IUDICO.DBUpdateManager", "Utils\IUDICO.DBManager\IUDICO.DBUpdateManager.csproj", "{F95D74A2-02F6-442D-8363-F1E43FB9A2DB}"
EndProject
Project("{FAE04EC0-301F-11D3-BF4B-00C04F79EFBC}") = "DBUpdater", "Utils\DBUpdater\DBUpdater.csproj", "{09E61840-75A2-4776-82CA-2A23A731EDEE}"
EndProject
Project("{FAE04EC0-301F-11D3-BF4B-00C04F79EFBC}") = "ExeWrapper", "TestingSystem\ExeWrapper\ExeWrapper.csproj", "{E58FD4CF-9626-40F8-8507-3F16FE97EA6E}"
EndProject
Project("{FAE04EC0-301F-11D3-BF4B-00C04F79EFBC}") = "ExeWrapperDotNET", "TestingSystem\ExeWrapperDotNET\ExeWrapperDotNET.csproj", "{CE7B5354-2E75-41A3-A4E3-DF3A076C0A86}"
EndProject
Project("{FAE04EC0-301F-11D3-BF4B-00C04F79EFBC}") = "TestingSystem", "TestingSystem\TestingSystem\TestingSystem.csproj", "{498A9F11-9290-46D8-AFAF-32CC14C7FDDE}"
EndProject
Global
	GlobalSection(SolutionConfigurationPlatforms) = preSolution
		Debug|Any CPU = Debug|Any CPU
		Debug|Mixed Platforms = Debug|Mixed Platforms
		Release|Any CPU = Release|Any CPU
		Release|Mixed Platforms = Release|Mixed Platforms
	EndGlobalSection
	GlobalSection(ProjectConfigurationPlatforms) = postSolution
		{A1E0299F-BEB1-4DBB-8689-11964AD80D41}.Debug|Any CPU.ActiveCfg = Debug|Any CPU
		{A1E0299F-BEB1-4DBB-8689-11964AD80D41}.Debug|Any CPU.Build.0 = Debug|Any CPU
		{A1E0299F-BEB1-4DBB-8689-11964AD80D41}.Debug|Mixed Platforms.ActiveCfg = Debug|Any CPU
		{A1E0299F-BEB1-4DBB-8689-11964AD80D41}.Debug|Mixed Platforms.Build.0 = Debug|Any CPU
		{A1E0299F-BEB1-4DBB-8689-11964AD80D41}.Release|Any CPU.ActiveCfg = Debug|Any CPU
		{A1E0299F-BEB1-4DBB-8689-11964AD80D41}.Release|Any CPU.Build.0 = Debug|Any CPU
		{A1E0299F-BEB1-4DBB-8689-11964AD80D41}.Release|Mixed Platforms.ActiveCfg = Debug|Any CPU
		{A1E0299F-BEB1-4DBB-8689-11964AD80D41}.Release|Mixed Platforms.Build.0 = Debug|Any CPU
		{F7A3C8E8-7545-4D92-8FF5-0927B4D845EF}.Debug|Any CPU.ActiveCfg = Debug|Any CPU
		{F7A3C8E8-7545-4D92-8FF5-0927B4D845EF}.Debug|Any CPU.Build.0 = Debug|Any CPU
		{F7A3C8E8-7545-4D92-8FF5-0927B4D845EF}.Debug|Mixed Platforms.ActiveCfg = Debug|Any CPU
		{F7A3C8E8-7545-4D92-8FF5-0927B4D845EF}.Debug|Mixed Platforms.Build.0 = Debug|Any CPU
		{F7A3C8E8-7545-4D92-8FF5-0927B4D845EF}.Release|Any CPU.ActiveCfg = Release|Any CPU
		{F7A3C8E8-7545-4D92-8FF5-0927B4D845EF}.Release|Any CPU.Build.0 = Release|Any CPU
		{F7A3C8E8-7545-4D92-8FF5-0927B4D845EF}.Release|Mixed Platforms.ActiveCfg = Release|Any CPU
		{F7A3C8E8-7545-4D92-8FF5-0927B4D845EF}.Release|Mixed Platforms.Build.0 = Release|Any CPU
		{E99F9341-7DD8-457F-818A-EF56561B5596}.Debug|Any CPU.ActiveCfg = Debug|Any CPU
		{E99F9341-7DD8-457F-818A-EF56561B5596}.Debug|Any CPU.Build.0 = Debug|Any CPU
		{E99F9341-7DD8-457F-818A-EF56561B5596}.Debug|Mixed Platforms.ActiveCfg = Debug|Any CPU
		{E99F9341-7DD8-457F-818A-EF56561B5596}.Debug|Mixed Platforms.Build.0 = Debug|Any CPU
		{E99F9341-7DD8-457F-818A-EF56561B5596}.Release|Any CPU.ActiveCfg = Release|Any CPU
		{E99F9341-7DD8-457F-818A-EF56561B5596}.Release|Any CPU.Build.0 = Release|Any CPU
		{E99F9341-7DD8-457F-818A-EF56561B5596}.Release|Mixed Platforms.ActiveCfg = Release|Any CPU
		{E99F9341-7DD8-457F-818A-EF56561B5596}.Release|Mixed Platforms.Build.0 = Release|Any CPU
		{F95D74A2-02F6-442D-8363-F1E43FB9A2DB}.Debug|Any CPU.ActiveCfg = Debug|Any CPU
		{F95D74A2-02F6-442D-8363-F1E43FB9A2DB}.Debug|Any CPU.Build.0 = Debug|Any CPU
		{F95D74A2-02F6-442D-8363-F1E43FB9A2DB}.Debug|Mixed Platforms.ActiveCfg = Debug|Any CPU
		{F95D74A2-02F6-442D-8363-F1E43FB9A2DB}.Debug|Mixed Platforms.Build.0 = Debug|Any CPU
		{F95D74A2-02F6-442D-8363-F1E43FB9A2DB}.Release|Any CPU.ActiveCfg = Release|Any CPU
		{F95D74A2-02F6-442D-8363-F1E43FB9A2DB}.Release|Any CPU.Build.0 = Release|Any CPU
		{F95D74A2-02F6-442D-8363-F1E43FB9A2DB}.Release|Mixed Platforms.ActiveCfg = Release|Any CPU
		{F95D74A2-02F6-442D-8363-F1E43FB9A2DB}.Release|Mixed Platforms.Build.0 = Release|Any CPU
		{09E61840-75A2-4776-82CA-2A23A731EDEE}.Debug|Any CPU.ActiveCfg = Debug|Any CPU
		{09E61840-75A2-4776-82CA-2A23A731EDEE}.Debug|Any CPU.Build.0 = Debug|Any CPU
		{09E61840-75A2-4776-82CA-2A23A731EDEE}.Debug|Mixed Platforms.ActiveCfg = Debug|Any CPU
		{09E61840-75A2-4776-82CA-2A23A731EDEE}.Debug|Mixed Platforms.Build.0 = Debug|Any CPU
		{09E61840-75A2-4776-82CA-2A23A731EDEE}.Release|Any CPU.ActiveCfg = Release|Any CPU
		{09E61840-75A2-4776-82CA-2A23A731EDEE}.Release|Any CPU.Build.0 = Release|Any CPU
		{09E61840-75A2-4776-82CA-2A23A731EDEE}.Release|Mixed Platforms.ActiveCfg = Release|Any CPU
		{09E61840-75A2-4776-82CA-2A23A731EDEE}.Release|Mixed Platforms.Build.0 = Release|Any CPU
		{E58FD4CF-9626-40F8-8507-3F16FE97EA6E}.Debug|Any CPU.ActiveCfg = Debug|Any CPU
		{E58FD4CF-9626-40F8-8507-3F16FE97EA6E}.Debug|Any CPU.Build.0 = Debug|Any CPU
		{E58FD4CF-9626-40F8-8507-3F16FE97EA6E}.Debug|Mixed Platforms.ActiveCfg = Debug|Any CPU
		{E58FD4CF-9626-40F8-8507-3F16FE97EA6E}.Debug|Mixed Platforms.Build.0 = Debug|Any CPU
		{E58FD4CF-9626-40F8-8507-3F16FE97EA6E}.Release|Any CPU.ActiveCfg = Release|Any CPU
		{E58FD4CF-9626-40F8-8507-3F16FE97EA6E}.Release|Any CPU.Build.0 = Release|Any CPU
		{E58FD4CF-9626-40F8-8507-3F16FE97EA6E}.Release|Mixed Platforms.ActiveCfg = Release|Any CPU
		{E58FD4CF-9626-40F8-8507-3F16FE97EA6E}.Release|Mixed Platforms.Build.0 = Release|Any CPU
		{CE7B5354-2E75-41A3-A4E3-DF3A076C0A86}.Debug|Any CPU.ActiveCfg = Debug|Any CPU
		{CE7B5354-2E75-41A3-A4E3-DF3A076C0A86}.Debug|Any CPU.Build.0 = Debug|Any CPU
		{CE7B5354-2E75-41A3-A4E3-DF3A076C0A86}.Debug|Mixed Platforms.ActiveCfg = Debug|Any CPU
		{CE7B5354-2E75-41A3-A4E3-DF3A076C0A86}.Debug|Mixed Platforms.Build.0 = Debug|Any CPU
		{CE7B5354-2E75-41A3-A4E3-DF3A076C0A86}.Release|Any CPU.ActiveCfg = Release|Any CPU
		{CE7B5354-2E75-41A3-A4E3-DF3A076C0A86}.Release|Any CPU.Build.0 = Release|Any CPU
		{CE7B5354-2E75-41A3-A4E3-DF3A076C0A86}.Release|Mixed Platforms.ActiveCfg = Release|Any CPU
		{CE7B5354-2E75-41A3-A4E3-DF3A076C0A86}.Release|Mixed Platforms.Build.0 = Release|Any CPU
		{498A9F11-9290-46D8-AFAF-32CC14C7FDDE}.Debug|Any CPU.ActiveCfg = Debug|Any CPU
		{498A9F11-9290-46D8-AFAF-32CC14C7FDDE}.Debug|Any CPU.Build.0 = Debug|Any CPU
		{498A9F11-9290-46D8-AFAF-32CC14C7FDDE}.Debug|Mixed Platforms.ActiveCfg = Debug|Any CPU
		{498A9F11-9290-46D8-AFAF-32CC14C7FDDE}.Debug|Mixed Platforms.Build.0 = Debug|Any CPU
		{498A9F11-9290-46D8-AFAF-32CC14C7FDDE}.Release|Any CPU.ActiveCfg = Release|Any CPU
		{498A9F11-9290-46D8-AFAF-32CC14C7FDDE}.Release|Any CPU.Build.0 = Release|Any CPU
		{498A9F11-9290-46D8-AFAF-32CC14C7FDDE}.Release|Mixed Platforms.ActiveCfg = Release|Any CPU
		{498A9F11-9290-46D8-AFAF-32CC14C7FDDE}.Release|Mixed Platforms.Build.0 = Release|Any CPU
	EndGlobalSection
	GlobalSection(SolutionProperties) = preSolution
		HideSolutionNode = FALSE
	EndGlobalSection
EndGlobal
